// !$*UTF8*$!
{
	archiveVersion = 1;
	classes = {
	};
	objectVersion = 77;
	objects = {

/* Begin PBXBuildFile section */
		4B9236DD2D8D50E3008629B6 /* StorybookKit in Frameworks */ = {isa = PBXBuildFile; productRef = 4B9236DC2D8D50E3008629B6 /* StorybookKit */; };
		4B9236F92D8D56C8008629B6 /* SwiftUIPersistentControl in Frameworks */ = {isa = PBXBuildFile; productRef = 4B9236F82D8D56C8008629B6 /* SwiftUIPersistentControl */; };
/* End PBXBuildFile section */

/* Begin PBXContainerItemProxy section */
		4B9236BC2D8D504D008629B6 /* PBXContainerItemProxy */ = {
			isa = PBXContainerItemProxy;
			containerPortal = 4B9236A32D8D504C008629B6 /* Project object */;
			proxyType = 1;
			remoteGlobalIDString = 4B9236AA2D8D504C008629B6;
			remoteInfo = Development;
		};
		4B9236C62D8D504D008629B6 /* PBXContainerItemProxy */ = {
			isa = PBXContainerItemProxy;
			containerPortal = 4B9236A32D8D504C008629B6 /* Project object */;
			proxyType = 1;
			remoteGlobalIDString = 4B9236AA2D8D504C008629B6;
			remoteInfo = Development;
		};
/* End PBXContainerItemProxy section */

/* Begin PBXFileReference section */
		4B9236AB2D8D504C008629B6 /* Development.app */ = {isa = PBXFileReference; explicitFileType = wrapper.application; includeInIndex = 0; path = Development.app; sourceTree = BUILT_PRODUCTS_DIR; };
		4B9236BB2D8D504D008629B6 /* DevelopmentTests.xctest */ = {isa = PBXFileReference; explicitFileType = wrapper.cfbundle; includeInIndex = 0; path = DevelopmentTests.xctest; sourceTree = BUILT_PRODUCTS_DIR; };
		4B9236C52D8D504D008629B6 /* DevelopmentUITests.xctest */ = {isa = PBXFileReference; explicitFileType = wrapper.cfbundle; includeInIndex = 0; path = DevelopmentUITests.xctest; sourceTree = BUILT_PRODUCTS_DIR; };
/* End PBXFileReference section */

/* Begin PBXFileSystemSynchronizedRootGroup section */
		4B9236AD2D8D504C008629B6 /* Development */ = {
			isa = PBXFileSystemSynchronizedRootGroup;
			path = Development;
			sourceTree = "<group>";
		};
		4B9236BE2D8D504D008629B6 /* DevelopmentTests */ = {
			isa = PBXFileSystemSynchronizedRootGroup;
			path = DevelopmentTests;
			sourceTree = "<group>";
		};
		4B9236C82D8D504D008629B6 /* DevelopmentUITests */ = {
			isa = PBXFileSystemSynchronizedRootGroup;
			path = DevelopmentUITests;
			sourceTree = "<group>";
		};
/* End PBXFileSystemSynchronizedRootGroup section */

/* Begin PBXFrameworksBuildPhase section */
		4B9236A82D8D504C008629B6 /* Frameworks */ = {
			isa = PBXFrameworksBuildPhase;
			buildActionMask = 2147483647;
			files = (
				4B9236DD2D8D50E3008629B6 /* StorybookKit in Frameworks */,
				4B9236F92D8D56C8008629B6 /* SwiftUIPersistentControl in Frameworks */,
			);
			runOnlyForDeploymentPostprocessing = 0;
		};
		4B9236B82D8D504D008629B6 /* Frameworks */ = {
			isa = PBXFrameworksBuildPhase;
			buildActionMask = 2147483647;
			files = (
			);
			runOnlyForDeploymentPostprocessing = 0;
		};
		4B9236C22D8D504D008629B6 /* Frameworks */ = {
			isa = PBXFrameworksBuildPhase;
			buildActionMask = 2147483647;
			files = (
			);
			runOnlyForDeploymentPostprocessing = 0;
		};
/* End PBXFrameworksBuildPhase section */

/* Begin PBXGroup section */
		4B9236A22D8D504C008629B6 = {
			isa = PBXGroup;
			children = (
				4B9236AD2D8D504C008629B6 /* Development */,
				4B9236BE2D8D504D008629B6 /* DevelopmentTests */,
				4B9236C82D8D504D008629B6 /* DevelopmentUITests */,
				4B9236F22D8D567D008629B6 /* Frameworks */,
				4B9236AC2D8D504C008629B6 /* Products */,
			);
			sourceTree = "<group>";
		};
		4B9236AC2D8D504C008629B6 /* Products */ = {
			isa = PBXGroup;
			children = (
				4B9236AB2D8D504C008629B6 /* Development.app */,
				4B9236BB2D8D504D008629B6 /* DevelopmentTests.xctest */,
				4B9236C52D8D504D008629B6 /* DevelopmentUITests.xctest */,
			);
			name = Products;
			sourceTree = "<group>";
		};
		4B9236F22D8D567D008629B6 /* Frameworks */ = {
			isa = PBXGroup;
			children = (
			);
			name = Frameworks;
			sourceTree = "<group>";
		};
/* End PBXGroup section */

/* Begin PBXNativeTarget section */
		4B9236AA2D8D504C008629B6 /* Development */ = {
			isa = PBXNativeTarget;
			buildConfigurationList = 4B9236CF2D8D504D008629B6 /* Build configuration list for PBXNativeTarget "Development" */;
			buildPhases = (
				4B9236A72D8D504C008629B6 /* Sources */,
				4B9236A82D8D504C008629B6 /* Frameworks */,
				4B9236A92D8D504C008629B6 /* Resources */,
			);
			buildRules = (
			);
			dependencies = (
			);
			fileSystemSynchronizedGroups = (
				4B9236AD2D8D504C008629B6 /* Development */,
			);
			name = Development;
			packageProductDependencies = (
				4B9236DC2D8D50E3008629B6 /* StorybookKit */,
				4B9236F82D8D56C8008629B6 /* SwiftUIPersistentControl */,
			);
			productName = Development;
			productReference = 4B9236AB2D8D504C008629B6 /* Development.app */;
			productType = "com.apple.product-type.application";
		};
		4B9236BA2D8D504D008629B6 /* DevelopmentTests */ = {
			isa = PBXNativeTarget;
			buildConfigurationList = 4B9236D22D8D504D008629B6 /* Build configuration list for PBXNativeTarget "DevelopmentTests" */;
			buildPhases = (
				4B9236B72D8D504D008629B6 /* Sources */,
				4B9236B82D8D504D008629B6 /* Frameworks */,
				4B9236B92D8D504D008629B6 /* Resources */,
			);
			buildRules = (
			);
			dependencies = (
				4B9236BD2D8D504D008629B6 /* PBXTargetDependency */,
			);
			fileSystemSynchronizedGroups = (
				4B9236BE2D8D504D008629B6 /* DevelopmentTests */,
			);
			name = DevelopmentTests;
			packageProductDependencies = (
			);
			productName = DevelopmentTests;
			productReference = 4B9236BB2D8D504D008629B6 /* DevelopmentTests.xctest */;
			productType = "com.apple.product-type.bundle.unit-test";
		};
		4B9236C42D8D504D008629B6 /* DevelopmentUITests */ = {
			isa = PBXNativeTarget;
			buildConfigurationList = 4B9236D52D8D504D008629B6 /* Build configuration list for PBXNativeTarget "DevelopmentUITests" */;
			buildPhases = (
				4B9236C12D8D504D008629B6 /* Sources */,
				4B9236C22D8D504D008629B6 /* Frameworks */,
				4B9236C32D8D504D008629B6 /* Resources */,
			);
			buildRules = (
			);
			dependencies = (
				4B9236C72D8D504D008629B6 /* PBXTargetDependency */,
			);
			fileSystemSynchronizedGroups = (
				4B9236C82D8D504D008629B6 /* DevelopmentUITests */,
			);
			name = DevelopmentUITests;
			packageProductDependencies = (
			);
			productName = DevelopmentUITests;
			productReference = 4B9236C52D8D504D008629B6 /* DevelopmentUITests.xctest */;
			productType = "com.apple.product-type.bundle.ui-testing";
		};
/* End PBXNativeTarget section */

/* Begin PBXProject section */
		4B9236A32D8D504C008629B6 /* Project object */ = {
			isa = PBXProject;
			attributes = {
				BuildIndependentTargetsInParallel = 1;
				LastSwiftUpdateCheck = 1620;
				LastUpgradeCheck = 1620;
				TargetAttributes = {
					4B9236AA2D8D504C008629B6 = {
						CreatedOnToolsVersion = 16.2;
					};
					4B9236BA2D8D504D008629B6 = {
						CreatedOnToolsVersion = 16.2;
						TestTargetID = 4B9236AA2D8D504C008629B6;
					};
					4B9236C42D8D504D008629B6 = {
						CreatedOnToolsVersion = 16.2;
						TestTargetID = 4B9236AA2D8D504C008629B6;
					};
				};
			};
			buildConfigurationList = 4B9236A62D8D504C008629B6 /* Build configuration list for PBXProject "Development" */;
			developmentRegion = en;
			hasScannedForEncodings = 0;
			knownRegions = (
				en,
				Base,
			);
			mainGroup = 4B9236A22D8D504C008629B6;
			minimizedProjectReferenceProxies = 1;
			packageReferences = (
				4B9236DB2D8D50E3008629B6 /* XCRemoteSwiftPackageReference "swift-storybook" */,
				4B9236F72D8D56C8008629B6 /* XCLocalSwiftPackageReference "../../swiftui-persistent-control" */,
			);
			preferredProjectObjectVersion = 77;
			productRefGroup = 4B9236AC2D8D504C008629B6 /* Products */;
			projectDirPath = "";
			projectRoot = "";
			targets = (
				4B9236AA2D8D504C008629B6 /* Development */,
				4B9236BA2D8D504D008629B6 /* DevelopmentTests */,
				4B9236C42D8D504D008629B6 /* DevelopmentUITests */,
			);
		};
/* End PBXProject section */

/* Begin PBXResourcesBuildPhase section */
		4B9236A92D8D504C008629B6 /* Resources */ = {
			isa = PBXResourcesBuildPhase;
			buildActionMask = 2147483647;
			files = (
			);
			runOnlyForDeploymentPostprocessing = 0;
		};
		4B9236B92D8D504D008629B6 /* Resources */ = {
			isa = PBXResourcesBuildPhase;
			buildActionMask = 2147483647;
			files = (
			);
			runOnlyForDeploymentPostprocessing = 0;
		};
		4B9236C32D8D504D008629B6 /* Resources */ = {
			isa = PBXResourcesBuildPhase;
			buildActionMask = 2147483647;
			files = (
			);
			runOnlyForDeploymentPostprocessing = 0;
		};
/* End PBXResourcesBuildPhase section */

/* Begin PBXSourcesBuildPhase section */
		4B9236A72D8D504C008629B6 /* Sources */ = {
			isa = PBXSourcesBuildPhase;
			buildActionMask = 2147483647;
			files = (
			);
			runOnlyForDeploymentPostprocessing = 0;
		};
		4B9236B72D8D504D008629B6 /* Sources */ = {
			isa = PBXSourcesBuildPhase;
			buildActionMask = 2147483647;
			files = (
			);
			runOnlyForDeploymentPostprocessing = 0;
		};
		4B9236C12D8D504D008629B6 /* Sources */ = {
			isa = PBXSourcesBuildPhase;
			buildActionMask = 2147483647;
			files = (
			);
			runOnlyForDeploymentPostprocessing = 0;
		};
/* End PBXSourcesBuildPhase section */

/* Begin PBXTargetDependency section */
		4B9236BD2D8D504D008629B6 /* PBXTargetDependency */ = {
			isa = PBXTargetDependency;
			target = 4B9236AA2D8D504C008629B6 /* Development */;
			targetProxy = 4B9236BC2D8D504D008629B6 /* PBXContainerItemProxy */;
		};
		4B9236C72D8D504D008629B6 /* PBXTargetDependency */ = {
			isa = PBXTargetDependency;
			target = 4B9236AA2D8D504C008629B6 /* Development */;
			targetProxy = 4B9236C62D8D504D008629B6 /* PBXContainerItemProxy */;
		};
/* End PBXTargetDependency section */

/* Begin XCBuildConfiguration section */
		4B9236CD2D8D504D008629B6 /* Debug */ = {
			isa = XCBuildConfiguration;
			buildSettings = {
				ALWAYS_SEARCH_USER_PATHS = NO;
				ASSETCATALOG_COMPILER_GENERATE_SWIFT_ASSET_SYMBOL_EXTENSIONS = YES;
				CLANG_ANALYZER_NONNULL = YES;
				CLANG_ANALYZER_NUMBER_OBJECT_CONVERSION = YES_AGGRESSIVE;
				CLANG_CXX_LANGUAGE_STANDARD = "gnu++20";
				CLANG_ENABLE_MODULES = YES;
				CLANG_ENABLE_OBJC_ARC = YES;
				CLANG_ENABLE_OBJC_WEAK = YES;
				CLANG_WARN_BLOCK_CAPTURE_AUTORELEASING = YES;
				CLANG_WARN_BOOL_CONVERSION = YES;
				CLANG_WARN_COMMA = YES;
				CLANG_WARN_CONSTANT_CONVERSION = YES;
				CLANG_WARN_DEPRECATED_OBJC_IMPLEMENTATIONS = YES;
				CLANG_WARN_DIRECT_OBJC_ISA_USAGE = YES_ERROR;
				CLANG_WARN_DOCUMENTATION_COMMENTS = YES;
				CLANG_WARN_EMPTY_BODY = YES;
				CLANG_WARN_ENUM_CONVERSION = YES;
				CLANG_WARN_INFINITE_RECURSION = YES;
				CLANG_WARN_INT_CONVERSION = YES;
				CLANG_WARN_NON_LITERAL_NULL_CONVERSION = YES;
				CLANG_WARN_OBJC_IMPLICIT_RETAIN_SELF = YES;
				CLANG_WARN_OBJC_LITERAL_CONVERSION = YES;
				CLANG_WARN_OBJC_ROOT_CLASS = YES_ERROR;
				CLANG_WARN_QUOTED_INCLUDE_IN_FRAMEWORK_HEADER = YES;
				CLANG_WARN_RANGE_LOOP_ANALYSIS = YES;
				CLANG_WARN_STRICT_PROTOTYPES = YES;
				CLANG_WARN_SUSPICIOUS_MOVE = YES;
				CLANG_WARN_UNGUARDED_AVAILABILITY = YES_AGGRESSIVE;
				CLANG_WARN_UNREACHABLE_CODE = YES;
				CLANG_WARN__DUPLICATE_METHOD_MATCH = YES;
				COPY_PHASE_STRIP = NO;
				DEBUG_INFORMATION_FORMAT = dwarf;
				ENABLE_STRICT_OBJC_MSGSEND = YES;
				ENABLE_TESTABILITY = YES;
				ENABLE_USER_SCRIPT_SANDBOXING = YES;
				GCC_C_LANGUAGE_STANDARD = gnu17;
				GCC_DYNAMIC_NO_PIC = NO;
				GCC_NO_COMMON_BLOCKS = YES;
				GCC_OPTIMIZATION_LEVEL = 0;
				GCC_PREPROCESSOR_DEFINITIONS = (
					"DEBUG=1",
					"$(inherited)",
				);
				GCC_WARN_64_TO_32_BIT_CONVERSION = YES;
				GCC_WARN_ABOUT_RETURN_TYPE = YES_ERROR;
				GCC_WARN_UNDECLARED_SELECTOR = YES;
				GCC_WARN_UNINITIALIZED_AUTOS = YES_AGGRESSIVE;
				GCC_WARN_UNUSED_FUNCTION = YES;
				GCC_WARN_UNUSED_VARIABLE = YES;
				IPHONEOS_DEPLOYMENT_TARGET = 18.2;
				LOCALIZATION_PREFERS_STRING_CATALOGS = YES;
				MTL_ENABLE_DEBUG_INFO = INCLUDE_SOURCE;
				MTL_FAST_MATH = YES;
				ONLY_ACTIVE_ARCH = YES;
				SDKROOT = iphoneos;
				SWIFT_ACTIVE_COMPILATION_CONDITIONS = "DEBUG $(inherited)";
				SWIFT_OPTIMIZATION_LEVEL = "-Onone";
			};
			name = Debug;
		};
		4B9236CE2D8D504D008629B6 /* Release */ = {
			isa = XCBuildConfiguration;
			buildSettings = {
				ALWAYS_SEARCH_USER_PATHS = NO;
				ASSETCATALOG_COMPILER_GENERATE_SWIFT_ASSET_SYMBOL_EXTENSIONS = YES;
				CLANG_ANALYZER_NONNULL = YES;
				CLANG_ANALYZER_NUMBER_OBJECT_CONVERSION = YES_AGGRESSIVE;
				CLANG_CXX_LANGUAGE_STANDARD = "gnu++20";
				CLANG_ENABLE_MODULES = YES;
				CLANG_ENABLE_OBJC_ARC = YES;
				CLANG_ENABLE_OBJC_WEAK = YES;
				CLANG_WARN_BLOCK_CAPTURE_AUTORELEASING = YES;
				CLANG_WARN_BOOL_CONVERSION = YES;
				CLANG_WARN_COMMA = YES;
				CLANG_WARN_CONSTANT_CONVERSION = YES;
				CLANG_WARN_DEPRECATED_OBJC_IMPLEMENTATIONS = YES;
				CLANG_WARN_DIRECT_OBJC_ISA_USAGE = YES_ERROR;
				CLANG_WARN_DOCUMENTATION_COMMENTS = YES;
				CLANG_WARN_EMPTY_BODY = YES;
				CLANG_WARN_ENUM_CONVERSION = YES;
				CLANG_WARN_INFINITE_RECURSION = YES;
				CLANG_WARN_INT_CONVERSION = YES;
				CLANG_WARN_NON_LITERAL_NULL_CONVERSION = YES;
				CLANG_WARN_OBJC_IMPLICIT_RETAIN_SELF = YES;
				CLANG_WARN_OBJC_LITERAL_CONVERSION = YES;
				CLANG_WARN_OBJC_ROOT_CLASS = YES_ERROR;
				CLANG_WARN_QUOTED_INCLUDE_IN_FRAMEWORK_HEADER = YES;
				CLANG_WARN_RANGE_LOOP_ANALYSIS = YES;
				CLANG_WARN_STRICT_PROTOTYPES = YES;
				CLANG_WARN_SUSPICIOUS_MOVE = YES;
				CLANG_WARN_UNGUARDED_AVAILABILITY = YES_AGGRESSIVE;
				CLANG_WARN_UNREACHABLE_CODE = YES;
				CLANG_WARN__DUPLICATE_METHOD_MATCH = YES;
				COPY_PHASE_STRIP = NO;
				DEBUG_INFORMATION_FORMAT = "dwarf-with-dsym";
				ENABLE_NS_ASSERTIONS = NO;
				ENABLE_STRICT_OBJC_MSGSEND = YES;
				ENABLE_USER_SCRIPT_SANDBOXING = YES;
				GCC_C_LANGUAGE_STANDARD = gnu17;
				GCC_NO_COMMON_BLOCKS = YES;
				GCC_WARN_64_TO_32_BIT_CONVERSION = YES;
				GCC_WARN_ABOUT_RETURN_TYPE = YES_ERROR;
				GCC_WARN_UNDECLARED_SELECTOR = YES;
				GCC_WARN_UNINITIALIZED_AUTOS = YES_AGGRESSIVE;
				GCC_WARN_UNUSED_FUNCTION = YES;
				GCC_WARN_UNUSED_VARIABLE = YES;
				IPHONEOS_DEPLOYMENT_TARGET = 18.2;
				LOCALIZATION_PREFERS_STRING_CATALOGS = YES;
				MTL_ENABLE_DEBUG_INFO = NO;
				MTL_FAST_MATH = YES;
				SDKROOT = iphoneos;
				SWIFT_COMPILATION_MODE = wholemodule;
				VALIDATE_PRODUCT = YES;
			};
			name = Release;
		};
		4B9236D02D8D504D008629B6 /* Debug */ = {
			isa = XCBuildConfiguration;
			buildSettings = {
				ASSETCATALOG_COMPILER_APPICON_NAME = AppIcon;
				ASSETCATALOG_COMPILER_GLOBAL_ACCENT_COLOR_NAME = AccentColor;
				CODE_SIGN_STYLE = Automatic;
				CURRENT_PROJECT_VERSION = 1;
				DEVELOPMENT_ASSET_PATHS = "\"Development/Preview Content\"";
				DEVELOPMENT_TEAM = KU2QEJ9K3Z;
				ENABLE_PREVIEWS = YES;
				GENERATE_INFOPLIST_FILE = YES;
				INFOPLIST_KEY_CFBundleDisplayName = PersistentControl;
				INFOPLIST_KEY_UIApplicationSceneManifest_Generation = YES;
				INFOPLIST_KEY_UIApplicationSupportsIndirectInputEvents = YES;
				INFOPLIST_KEY_UILaunchScreen_Generation = YES;
				INFOPLIST_KEY_UISupportedInterfaceOrientations = UIInterfaceOrientationPortrait;
				INFOPLIST_KEY_UISupportedInterfaceOrientations_iPad = "UIInterfaceOrientationLandscapeLeft UIInterfaceOrientationLandscapeRight UIInterfaceOrientationPortrait UIInterfaceOrientationPortraitUpsideDown";
				IPHONEOS_DEPLOYMENT_TARGET = 18.0;
				LD_RUNPATH_SEARCH_PATHS = (
					"$(inherited)",
					"@executable_path/Frameworks",
				);
				MARKETING_VERSION = 1.0;
				PRODUCT_BUNDLE_IDENTIFIER = "app.muukii.persistent-control.Development";
				PRODUCT_NAME = "$(TARGET_NAME)";
				SWIFT_EMIT_LOC_STRINGS = YES;
				SWIFT_VERSION = 5.0;
				TARGETED_DEVICE_FAMILY = "1,2";
			};
			name = Debug;
		};
		4B9236D12D8D504D008629B6 /* Release */ = {
			isa = XCBuildConfiguration;
			buildSettings = {
				ASSETCATALOG_COMPILER_APPICON_NAME = AppIcon;
				ASSETCATALOG_COMPILER_GLOBAL_ACCENT_COLOR_NAME = AccentColor;
				CODE_SIGN_STYLE = Automatic;
				CURRENT_PROJECT_VERSION = 1;
				DEVELOPMENT_ASSET_PATHS = "\"Development/Preview Content\"";
				DEVELOPMENT_TEAM = KU2QEJ9K3Z;
				ENABLE_PREVIEWS = YES;
				GENERATE_INFOPLIST_FILE = YES;
				INFOPLIST_KEY_CFBundleDisplayName = PersistentControl;
				INFOPLIST_KEY_UIApplicationSceneManifest_Generation = YES;
				INFOPLIST_KEY_UIApplicationSupportsIndirectInputEvents = YES;
				INFOPLIST_KEY_UILaunchScreen_Generation = YES;
				INFOPLIST_KEY_UISupportedInterfaceOrientations = UIInterfaceOrientationPortrait;
				INFOPLIST_KEY_UISupportedInterfaceOrientations_iPad = "UIInterfaceOrientationLandscapeLeft UIInterfaceOrientationLandscapeRight UIInterfaceOrientationPortrait UIInterfaceOrientationPortraitUpsideDown";
				IPHONEOS_DEPLOYMENT_TARGET = 18.0;
				LD_RUNPATH_SEARCH_PATHS = (
					"$(inherited)",
					"@executable_path/Frameworks",
				);
				MARKETING_VERSION = 1.0;
				PRODUCT_BUNDLE_IDENTIFIER = "app.muukii.persistent-control.Development";
				PRODUCT_NAME = "$(TARGET_NAME)";
				SWIFT_EMIT_LOC_STRINGS = YES;
				SWIFT_VERSION = 5.0;
				TARGETED_DEVICE_FAMILY = "1,2";
			};
			name = Release;
		};
		4B9236D32D8D504D008629B6 /* Debug */ = {
			isa = XCBuildConfiguration;
			buildSettings = {
				BUNDLE_LOADER = "$(TEST_HOST)";
				CODE_SIGN_STYLE = Automatic;
				CURRENT_PROJECT_VERSION = 1;
				GENERATE_INFOPLIST_FILE = YES;
				IPHONEOS_DEPLOYMENT_TARGET = 18.2;
				MARKETING_VERSION = 1.0;
				PRODUCT_BUNDLE_IDENTIFIER = app.muukii.DevelopmentTests;
				PRODUCT_NAME = "$(TARGET_NAME)";
				SWIFT_EMIT_LOC_STRINGS = NO;
				SWIFT_VERSION = 5.0;
				TARGETED_DEVICE_FAMILY = "1,2";
				TEST_HOST = "$(BUILT_PRODUCTS_DIR)/Development.app/$(BUNDLE_EXECUTABLE_FOLDER_PATH)/Development";
			};
			name = Debug;
		};
		4B9236D42D8D504D008629B6 /* Release */ = {
			isa = XCBuildConfiguration;
			buildSettings = {
				BUNDLE_LOADER = "$(TEST_HOST)";
				CODE_SIGN_STYLE = Automatic;
				CURRENT_PROJECT_VERSION = 1;
				GENERATE_INFOPLIST_FILE = YES;
				IPHONEOS_DEPLOYMENT_TARGET = 18.2;
				MARKETING_VERSION = 1.0;
				PRODUCT_BUNDLE_IDENTIFIER = app.muukii.DevelopmentTests;
				PRODUCT_NAME = "$(TARGET_NAME)";
				SWIFT_EMIT_LOC_STRINGS = NO;
				SWIFT_VERSION = 5.0;
				TARGETED_DEVICE_FAMILY = "1,2";
				TEST_HOST = "$(BUILT_PRODUCTS_DIR)/Development.app/$(BUNDLE_EXECUTABLE_FOLDER_PATH)/Development";
			};
			name = Release;
		};
		4B9236D62D8D504D008629B6 /* Debug */ = {
			isa = XCBuildConfiguration;
			buildSettings = {
				CODE_SIGN_STYLE = Automatic;
				CURRENT_PROJECT_VERSION = 1;
				GENERATE_INFOPLIST_FILE = YES;
				MARKETING_VERSION = 1.0;
				PRODUCT_BUNDLE_IDENTIFIER = app.muukii.DevelopmentUITests;
				PRODUCT_NAME = "$(TARGET_NAME)";
				SWIFT_EMIT_LOC_STRINGS = NO;
				SWIFT_VERSION = 5.0;
				TARGETED_DEVICE_FAMILY = "1,2";
				TEST_TARGET_NAME = Development;
			};
			name = Debug;
		};
		4B9236D72D8D504D008629B6 /* Release */ = {
			isa = XCBuildConfiguration;
			buildSettings = {
				CODE_SIGN_STYLE = Automatic;
				CURRENT_PROJECT_VERSION = 1;
				GENERATE_INFOPLIST_FILE = YES;
				MARKETING_VERSION = 1.0;
				PRODUCT_BUNDLE_IDENTIFIER = app.muukii.DevelopmentUITests;
				PRODUCT_NAME = "$(TARGET_NAME)";
				SWIFT_EMIT_LOC_STRINGS = NO;
				SWIFT_VERSION = 5.0;
				TARGETED_DEVICE_FAMILY = "1,2";
				TEST_TARGET_NAME = Development;
			};
			name = Release;
		};
/* End XCBuildConfiguration section */

/* Begin XCConfigurationList section */
		4B9236A62D8D504C008629B6 /* Build configuration list for PBXProject "Development" */ = {
			isa = XCConfigurationList;
			buildConfigurations = (
				4B9236CD2D8D504D008629B6 /* Debug */,
				4B9236CE2D8D504D008629B6 /* Release */,
			);
			defaultConfigurationIsVisible = 0;
			defaultConfigurationName = Release;
		};
		4B9236CF2D8D504D008629B6 /* Build configuration list for PBXNativeTarget "Development" */ = {
			isa = XCConfigurationList;
			buildConfigurations = (
				4B9236D02D8D504D008629B6 /* Debug */,
				4B9236D12D8D504D008629B6 /* Release */,
			);
			defaultConfigurationIsVisible = 0;
			defaultConfigurationName = Release;
		};
		4B9236D22D8D504D008629B6 /* Build configuration list for PBXNativeTarget "DevelopmentTests" */ = {
			isa = XCConfigurationList;
			buildConfigurations = (
				4B9236D32D8D504D008629B6 /* Debug */,
				4B9236D42D8D504D008629B6 /* Release */,
			);
			defaultConfigurationIsVisible = 0;
			defaultConfigurationName = Release;
		};
		4B9236D52D8D504D008629B6 /* Build configuration list for PBXNativeTarget "DevelopmentUITests" */ = {
			isa = XCConfigurationList;
			buildConfigurations = (
				4B9236D62D8D504D008629B6 /* Debug */,
				4B9236D72D8D504D008629B6 /* Release */,
			);
			defaultConfigurationIsVisible = 0;
			defaultConfigurationName = Release;
		};
/* End XCConfigurationList section */

/* Begin XCLocalSwiftPackageReference section */
		4B9236F72D8D56C8008629B6 /* XCLocalSwiftPackageReference "../../swiftui-persistent-control" */ = {
			isa = XCLocalSwiftPackageReference;
			relativePath = "../../swiftui-persistent-control";
		};
/* End XCLocalSwiftPackageReference section */

/* Begin XCRemoteSwiftPackageReference section */
		4B9236DB2D8D50E3008629B6 /* XCRemoteSwiftPackageReference "swift-storybook" */ = {
			isa = XCRemoteSwiftPackageReference;
			repositoryURL = "https://github.com/eure/swift-storybook.git";
			requirement = {
				kind = upToNextMajorVersion;
				minimumVersion = 2.5.0;
			};
		};
/* End XCRemoteSwiftPackageReference section */

/* Begin XCSwiftPackageProductDependency section */
		4B9236DC2D8D50E3008629B6 /* StorybookKit */ = {
			isa = XCSwiftPackageProductDependency;
			package = 4B9236DB2D8D50E3008629B6 /* XCRemoteSwiftPackageReference "swift-storybook" */;
			productName = StorybookKit;
		};
		4B9236F82D8D56C8008629B6 /* SwiftUIPersistentControl */ = {
			isa = XCSwiftPackageProductDependency;
			productName = SwiftUIPersistentControl;
		};
/* End XCSwiftPackageProductDependency section */
	};
	rootObject = 4B9236A32D8D504C008629B6 /* Project object */;
}
