{
  "originHash" : "3108adf9cba966aaee51ef827b8149e2fbc1510410d1295722dcb9e095e27a60",
  "pins" : [
    {
      "identity" : "descriptors",
      "kind" : "remoteSourceControl",
      "location" : "https://github.com/FluidGroup/Descriptors",
      "state" : {
        "revision" : "1ec4fcd01b7e3a6df9dfafcca8155e297a7a1d9f",
        "version" : "0.3.0"
      }
    },
    {
      "identity" : "resultbuilderkit",
      "kind" : "remoteSourceControl",
      "location" : "https://github.com/FluidGroup/ResultBuilderKit",
      "state" : {
        "revision" : "34aa57fcee5ec3ee0f368b05cb53c7919c188ab2",
        "version" : "1.3.0"
      }
    },
    {
      "identity" : "swift-storybook",
      "kind" : "remoteSourceControl",
      "location" : "https://github.com/eure/swift-storybook.git",
      "state" : {
        "revision" : "c03932e54a1071a6658480778e8eedbb2e80e67f",
        "version" : "2.5.0"
      }
    },
    {
      "identity" : "swift-syntax",
      "kind" : "remoteSourceControl",
      "location" : "https://github.com/apple/swift-syntax.git",
      "state" : {
        "revision" : "0687f71944021d616d34d922343dcef086855920",
        "version" : "600.0.1"
      }
    },
    {
      "identity" : "swiftui-support",
      "kind" : "remoteSourceControl",
      "location" : "https://github.com/FluidGroup/swiftui-support",
      "state" : {
        "revision" : "10b463fc241552c4c6668700c37d4112ae926fe5",
        "version" : "0.12.0"
      }
    },
    {
      "identity" : "texture",
      "kind" : "remoteSourceControl",
      "location" : "https://github.com/FluidGroup/Texture.git",
      "state" : {
        "revision" : "f6aba697c93e955b822e1bed148e83eee2db70e4",
        "version" : "3.0.3"
      }
    },
    {
      "identity" : "texturebridging",
      "kind" : "remoteSourceControl",
      "location" : "https://github.com/FluidGroup/TextureBridging.git",
      "state" : {
        "revision" : "4383f8a9846a0507d2c22ee9fac22153f9b86fed",
        "version" : "3.2.1"
      }
    },
    {
      "identity" : "textureswiftsupport",
      "kind" : "remoteSourceControl",
      "location" : "https://github.com/FluidGroup/TextureSwiftSupport.git",
      "state" : {
        "revision" : "ce3319351831533330e22d205bd83937848059db",
        "version" : "3.24.0"
      }
    }
  ],
  "version" : 3
}
